PODS:
  - OneSignal/OneSignal (5.0.1):
    - OneSignal/OneSignalCore
    - OneSignal/OneSignalExtension
    - OneSignal/OneSignalNotifications
    - OneSignal/OneSignalOSCore
    - OneSignal/OneSignalOutcomes
    - OneSignal/OneSignalUser
  - OneSignal/OneSignalCore (5.0.1)
  - OneSignal/OneSignalExtension (5.0.1):
    - OneSignal/OneSignalCore
    - OneSignal/OneSignalOutcomes
  - OneSignal/OneSignalInAppMessages (5.0.1):
    - OneSignal/OneSignalCore
    - OneSignal/OneSignalNotifications
    - OneSignal/OneSignalOSCore
    - OneSignal/OneSignalOutcomes
    - OneSignal/OneSignalUser
  - OneSignal/OneSignalLocation (5.0.1):
    - OneSignal/OneSignalCore
    - OneSignal/OneSignalNotifications
    - OneSignal/OneSignalOSCore
    - OneSignal/OneSignalUser
  - OneSignal/OneSignalNotifications (5.0.1):
    - OneSignal/OneSignalCore
    - OneSignal/OneSignalExtension
    - OneSignal/OneSignalOutcomes
  - OneSignal/OneSignalOSCore (5.0.1):
    - OneSignal/OneSignalCore
  - OneSignal/OneSignalOutcomes (5.0.1):
    - OneSignal/OneSignalCore
  - OneSignal/OneSignalUser (5.0.1):
    - OneSignal/OneSignalCore
    - OneSignal/OneSignalNotifications
    - OneSignal/OneSignalOSCore
    - OneSignal/OneSignalOutcomes

DEPENDENCIES:
  - OneSignal/OneSignal (< 6.0, >= 5.0.0)
  - OneSignal/OneSignalInAppMessages (< 6.0, >= 5.0.0)
  - OneSignal/OneSignalLocation (< 6.0, >= 5.0.0)

SPEC REPOS:
  trunk:
    - OneSignal

SPEC CHECKSUMS:
  OneSignal: 1549ddb3958cee25da7c6b314c4f66a8f3045c97

PODFILE CHECKSUM: 5a342d95f3ed554bec668ea3cb5de5381c65ac4a

COCOAPODS: 1.12.1
